<Solution>
  <Project Path="Cleo.Cli.Tests/Cleo.Cli.Tests.csproj" />
  <Project Path="Cleo.Cli/Cleo.Cli.csproj" />
  <Project Path="Cleo.Core.Tests/Cleo.Core.Tests.csproj" />
  <Project Path="Cleo.Core/Cleo.Core.csproj" />
  <Project Path="Cleo.Infrastructure.Tests/Cleo.Infrastructure.Tests.csproj" />
  <Project Path="Cleo.Infrastructure/Cleo.Infrastructure.csproj" />
</Solution>
